Microsoft Visual Studio Solution File, Format Version 12.00
# Visual Studio Version 17
VisualStudioVersion = 17.5.2.0
MinimumVisualStudioVersion = 10.0.40219.1
Project("{FAE04EC0-301F-11D3-BF4B-00C04F79EFBC}") = "CadastroEventosApp", "CadastroEventosApp.csproj", "{570D207D-960B-16B0-390A-A56D3C0ACD4E}"
EndProject
Global
	GlobalSection(SolutionConfigurationPlatforms) = preSolution
		Debug|Any CPU = Debug|Any CPU
		Release|Any CPU = Release|Any CPU
	EndGlobalSection
	GlobalSection(ProjectConfigurationPlatforms) = postSolution
		{570D207D-960B-16B0-390A-A56D3C0ACD4E}.Debug|Any CPU.ActiveCfg = Debug|Any CPU
		{570D207D-960B-16B0-390A-A56D3C0ACD4E}.Debug|Any CPU.Build.0 = Debug|Any CPU
		{570D207D-960B-16B0-390A-A56D3C0ACD4E}.Release|Any CPU.ActiveCfg = Release|Any CPU
		{570D207D-960B-16B0-390A-A56D3C0ACD4E}.Release|Any CPU.Build.0 = Release|Any CPU
	EndGlobalSection
	GlobalSection(SolutionProperties) = preSolution
		HideSolutionNode = FALSE
	EndGlobalSection
	GlobalSection(ExtensibilityGlobals) = postSolution
		SolutionGuid = {2D26A6F7-555C-4F8F-9C22-76ED0457BC75}
	EndGlobalSection
EndGlobal
